// !$*UTF8*$!
{
	archiveVersion = 1;
	classes = {
	};
	objectVersion = 50;
	objects = {

/* Begin PBXBuildFile section */
		780AB0832645382B00C7D6CF /* RedBlackTree.swift in Sources */ = {isa = PBXBuildFile; fileRef = 780AB0822645382B00C7D6CF /* RedBlackTree.swift */; };
		780AB0862645385E00C7D6CF /* BinaryBalanceTree.swift in Sources */ = {isa = PBXBuildFile; fileRef = 780AB0852645385E00C7D6CF /* BinaryBalanceTree.swift */; };
		780AB08A2645430000C7D6CF /* BinaryTree.swift in Sources */ = {isa = PBXBuildFile; fileRef = 780AB0892645430000C7D6CF /* BinaryTree.swift */; };
		780C30F22662199E00E36067 /* BinaryHeap.swift in Sources */ = {isa = PBXBuildFile; fileRef = 780C30F12662199E00E36067 /* BinaryHeap.swift */; };
		780C30F4266219D800E36067 /* AbstractHeap.swift in Sources */ = {isa = PBXBuildFile; fileRef = 780C30F3266219D800E36067 /* AbstractHeap.swift */; };
		780C30F7266378B400E36067 /* PriorityQueue.swift in Sources */ = {isa = PBXBuildFile; fileRef = 780C30F6266378B400E36067 /* PriorityQueue.swift */; };
		781C0362263A85830045290F /* BinaryBalanceSearchTree.swift in Sources */ = {isa = PBXBuildFile; fileRef = 781C0361263A85830045290F /* BinaryBalanceSearchTree.swift */; };
		781C0366263A85CF0045290F /* TreeNode.swift in Sources */ = {isa = PBXBuildFile; fileRef = 781C0365263A85CF0045290F /* TreeNode.swift */; };
		783089B426218F78002CDD2E /* CircleSingleLineList.swift in Sources */ = {isa = PBXBuildFile; fileRef = 783089B326218F78002CDD2E /* CircleSingleLineList.swift */; };
		783089B726218F88002CDD2E /* CircleDoubleLinkList.swift in Sources */ = {isa = PBXBuildFile; fileRef = 783089B626218F88002CDD2E /* CircleDoubleLinkList.swift */; };
		783089BA262191FA002CDD2E /* ListNode.swift in Sources */ = {isa = PBXBuildFile; fileRef = 783089B9262191FA002CDD2E /* ListNode.swift */; };
		783089C62622D22E002CDD2E /* Statical.swift in Sources */ = {isa = PBXBuildFile; fileRef = 783089C52622D22E002CDD2E /* Statical.swift */; };
		783089CD2622D832002CDD2E /* Statck.swift in Sources */ = {isa = PBXBuildFile; fileRef = 783089CC2622D832002CDD2E /* Statck.swift */; };
		783C3CA9264A71710029EBD7 /* Set.swift in Sources */ = {isa = PBXBuildFile; fileRef = 783C3CA8264A71710029EBD7 /* Set.swift */; };
		783C3CAD264A740D0029EBD7 /* ListSet.swift in Sources */ = {isa = PBXBuildFile; fileRef = 783C3CAC264A740D0029EBD7 /* ListSet.swift */; };
		783C3CB0264A74380029EBD7 /* TreeSet.swift in Sources */ = {isa = PBXBuildFile; fileRef = 783C3CAF264A74380029EBD7 /* TreeSet.swift */; };
		783EF6912689EB1D00192F9F /* CountingSorted.swift in Sources */ = {isa = PBXBuildFile; fileRef = 783EF6902689EB1D00192F9F /* CountingSorted.swift */; };
		784027E92626D51E00C8A88A /* LinkeExercises.swift in Sources */ = {isa = PBXBuildFile; fileRef = 784027E82626D51E00C8A88A /* LinkeExercises.swift */; };
		7840817D264FA5E900774D2D /* HashMap.swift in Sources */ = {isa = PBXBuildFile; fileRef = 7840817C264FA5E900774D2D /* HashMap.swift */; };
		7840817F264FABD800774D2D /* HashNode.swift in Sources */ = {isa = PBXBuildFile; fileRef = 7840817E264FABD800774D2D /* HashNode.swift */; };
		784FAA8C26366B7100BC5636 /* BinaryTreeTest.swift in Sources */ = {isa = PBXBuildFile; fileRef = 784FAA8B26366B7100BC5636 /* BinaryTreeTest.swift */; };
		7855AC57262D2EA700FF5A51 /* Node.swift in Sources */ = {isa = PBXBuildFile; fileRef = 7855AC56262D2EA700FF5A51 /* Node.swift */; };
		7855AC5B262D313700FF5A51 /* BinaryTreeInfo.swift in Sources */ = {isa = PBXBuildFile; fileRef = 7855AC5A262D313700FF5A51 /* BinaryTreeInfo.swift */; };
		7855AC5F262D33E800FF5A51 /* BinarySearchTree.swift in Sources */ = {isa = PBXBuildFile; fileRef = 7855AC5E262D33E800FF5A51 /* BinarySearchTree.swift */; };
		7855AC64262D7A2F00FF5A51 /* Extension.swift in Sources */ = {isa = PBXBuildFile; fileRef = 7855AC63262D7A2F00FF5A51 /* Extension.swift */; };
		7855AC68262D7EBE00FF5A51 /* Printer.swift in Sources */ = {isa = PBXBuildFile; fileRef = 7855AC67262D7EBE00FF5A51 /* Printer.swift */; };
		7857C8ED264A88A000A3E5DB /* Map.swift in Sources */ = {isa = PBXBuildFile; fileRef = 7857C8EC264A88A000A3E5DB /* Map.swift */; };
		786C838D266DFE02005CF61D /* HeapSorted.swift in Sources */ = {isa = PBXBuildFile; fileRef = 786C838C266DFE02005CF61D /* HeapSorted.swift */; };
		7877371926A83E1A00960668 /* HashSet.swift in Sources */ = {isa = PBXBuildFile; fileRef = 7877371826A83E1A00960668 /* HashSet.swift */; };
		7877371B26A8420E00960668 /* GenericUnionFind.swift in Sources */ = {isa = PBXBuildFile; fileRef = 7877371A26A8420E00960668 /* GenericUnionFind.swift */; };
		7877371D26A919CD00960668 /* UnionFindNode.swift in Sources */ = {isa = PBXBuildFile; fileRef = 7877371C26A919CD00960668 /* UnionFindNode.swift */; };
		7877372026A94AD700960668 /* Graph.swift in Sources */ = {isa = PBXBuildFile; fileRef = 7877371F26A94AD700960668 /* Graph.swift */; };
		7877372226A94B1500960668 /* WeightManager.swift in Sources */ = {isa = PBXBuildFile; fileRef = 7877372126A94B1500960668 /* WeightManager.swift */; };
		7877372426A94C0000960668 /* PathInfo.swift in Sources */ = {isa = PBXBuildFile; fileRef = 7877372326A94C0000960668 /* PathInfo.swift */; };
		7877372626A94CD200960668 /* EdgeInfo.swift in Sources */ = {isa = PBXBuildFile; fileRef = 7877372526A94CD200960668 /* EdgeInfo.swift */; };
		7877372826A9532900960668 /* ListGraph.swift in Sources */ = {isa = PBXBuildFile; fileRef = 7877372726A9532900960668 /* ListGraph.swift */; };
		7877372A26A9551D00960668 /* Vertex.swift in Sources */ = {isa = PBXBuildFile; fileRef = 7877372926A9551D00960668 /* Vertex.swift */; };
		7877372C26A9556D00960668 /* Edge.swift in Sources */ = {isa = PBXBuildFile; fileRef = 7877372B26A9556D00960668 /* Edge.swift */; };
		787D2FBA261DF8BF0033364A /* main.swift in Sources */ = {isa = PBXBuildFile; fileRef = 787D2FB9261DF8BF0033364A /* main.swift */; };
		787D2FC3261DF91C0033364A /* SingleLinkList.swift in Sources */ = {isa = PBXBuildFile; fileRef = 787D2FC2261DF91C0033364A /* SingleLinkList.swift */; };
		78904842261EDB840092F866 /* DoubleLinkList.swift in Sources */ = {isa = PBXBuildFile; fileRef = 78904841261EDB840092F866 /* DoubleLinkList.swift */; };
		78A0A3E2264B864D00063029 /* TreeMap.swift in Sources */ = {isa = PBXBuildFile; fileRef = 78A0A3E1264B864D00063029 /* TreeMap.swift */; };
		78A0A3E4264B89CE00063029 /* MapNode.swift in Sources */ = {isa = PBXBuildFile; fileRef = 78A0A3E3264B89CE00063029 /* MapNode.swift */; };
		78A218232686D62D00FEF33D /* SelectedSorted.swift in Sources */ = {isa = PBXBuildFile; fileRef = 78A218222686D62D00FEF33D /* SelectedSorted.swift */; };
		78A218252686D7BD00FEF33D /* InsertionSorted.swift in Sources */ = {isa = PBXBuildFile; fileRef = 78A218242686D7BD00FEF33D /* InsertionSorted.swift */; };
		78A218272686EA6000FEF33D /* MergeSort.swift in Sources */ = {isa = PBXBuildFile; fileRef = 78A218262686EA6000FEF33D /* MergeSort.swift */; };
		78A218292686FFA400FEF33D /* QuickSorted.swift in Sources */ = {isa = PBXBuildFile; fileRef = 78A218282686FFA400FEF33D /* QuickSorted.swift */; };
		78A2182B26871C1800FEF33D /* ShellSort.swift in Sources */ = {isa = PBXBuildFile; fileRef = 78A2182A26871C1800FEF33D /* ShellSort.swift */; };
		78A62E82262E8088000D229B /* BinaryTreesPrint.swift in Sources */ = {isa = PBXBuildFile; fileRef = 78A62E81262E8088000D229B /* BinaryTreesPrint.swift */; };
		78A7A625262D8E2C00C0695A /* InorderPrinter.swift in Sources */ = {isa = PBXBuildFile; fileRef = 78A7A624262D8E2C00C0695A /* InorderPrinter.swift */; };
		78BE8898261E87EB006D645A /* List.swift in Sources */ = {isa = PBXBuildFile; fileRef = 78BE8897261E87EB006D645A /* List.swift */; };
		78BE889C261E8821006D645A /* AbstractList.swift in Sources */ = {isa = PBXBuildFile; fileRef = 78BE889B261E8821006D645A /* AbstractList.swift */; };
		78CECBBE2627E13A00BEB594 /* SingleQueue.swift in Sources */ = {isa = PBXBuildFile; fileRef = 78CECBBD2627E13A00BEB594 /* SingleQueue.swift */; };
		78CECBC22627F0D600BEB594 /* SingleDeque.swift in Sources */ = {isa = PBXBuildFile; fileRef = 78CECBC12627F0D600BEB594 /* SingleDeque.swift */; };
		78CECBCC26281D4700BEB594 /* CircleQueue.swift in Sources */ = {isa = PBXBuildFile; fileRef = 78CECBCB26281D4600BEB594 /* CircleQueue.swift */; };
		78CECBCF26281D5500BEB594 /* CircleDeque.swift in Sources */ = {isa = PBXBuildFile; fileRef = 78CECBCE26281D5500BEB594 /* CircleDeque.swift */; };
		78D53AAA26A572B0001715E1 /* UnionFind.swift in Sources */ = {isa = PBXBuildFile; fileRef = 78D53AA926A572B0001715E1 /* UnionFind.swift */; };
		78D53AAC26A57CFD001715E1 /* UnionFind_QF.swift in Sources */ = {isa = PBXBuildFile; fileRef = 78D53AAB26A57CFD001715E1 /* UnionFind_QF.swift */; };
		78D53AAE26A58009001715E1 /* UnionFind_QU.swift in Sources */ = {isa = PBXBuildFile; fileRef = 78D53AAD26A58009001715E1 /* UnionFind_QU.swift */; };
		78D53AB026A66BA2001715E1 /* UnionFind_QU_Size.swift in Sources */ = {isa = PBXBuildFile; fileRef = 78D53AAF26A66BA1001715E1 /* UnionFind_QU_Size.swift */; };
		78D53AB226A66D13001715E1 /* UnionFind_QU_Rank.swift in Sources */ = {isa = PBXBuildFile; fileRef = 78D53AB126A66D13001715E1 /* UnionFind_QU_Rank.swift */; };
		78D53AB426A66EE8001715E1 /* UnionFind_QU_Rank_PC.swift in Sources */ = {isa = PBXBuildFile; fileRef = 78D53AB326A66EE8001715E1 /* UnionFind_QU_Rank_PC.swift */; };
		78D53AB626A672CF001715E1 /* UnionFind_QU_Rank_PS.swift in Sources */ = {isa = PBXBuildFile; fileRef = 78D53AB526A672CF001715E1 /* UnionFind_QU_Rank_PS.swift */; };
		78D53AB826A67681001715E1 /* UnionFind_QU_Rank_PH.swift in Sources */ = {isa = PBXBuildFile; fileRef = 78D53AB726A67681001715E1 /* UnionFind_QU_Rank_PH.swift */; };
		78DDC4042667A37500803FC6 /* Sorted.swift in Sources */ = {isa = PBXBuildFile; fileRef = 78DDC4032667A37500803FC6 /* Sorted.swift */; };
		78EA02E5269E81D1002B7037 /* RadixSorted.swift in Sources */ = {isa = PBXBuildFile; fileRef = 78EA02E4269E81D1002B7037 /* RadixSorted.swift */; };
		78FB6D68266DC76B008134F9 /* BubbleSorted.swift in Sources */ = {isa = PBXBuildFile; fileRef = 78FB6D67266DC76B008134F9 /* BubbleSorted.swift */; };
/* End PBXBuildFile section */

/* Begin PBXCopyFilesBuildPhase section */
		787D2FB4261DF8BF0033364A /* CopyFiles */ = {
			isa = PBXCopyFilesBuildPhase;
			buildActionMask = 2147483647;
			dstPath = /usr/share/man/man1/;
			dstSubfolderSpec = 0;
			files = (
			);
			runOnlyForDeploymentPostprocessing = 1;
		};
/* End PBXCopyFilesBuildPhase section */

/* Begin PBXFileReference section */
		780AB0822645382B00C7D6CF /* RedBlackTree.swift */ = {isa = PBXFileReference; lastKnownFileType = sourcecode.swift; path = RedBlackTree.swift; sourceTree = "<group>"; };
		780AB0852645385E00C7D6CF /* BinaryBalanceTree.swift */ = {isa = PBXFileReference; lastKnownFileType = sourcecode.swift; path = BinaryBalanceTree.swift; sourceTree = "<group>"; };
		780AB0892645430000C7D6CF /* BinaryTree.swift */ = {isa = PBXFileReference; lastKnownFileType = sourcecode.swift; path = BinaryTree.swift; sourceTree = "<group>"; };
		780C30F12662199E00E36067 /* BinaryHeap.swift */ = {isa = PBXFileReference; lastKnownFileType = sourcecode.swift; path = BinaryHeap.swift; sourceTree = "<group>"; };
		780C30F3266219D800E36067 /* AbstractHeap.swift */ = {isa = PBXFileReference; lastKnownFileType = sourcecode.swift; path = AbstractHeap.swift; sourceTree = "<group>"; };
		780C30F6266378B400E36067 /* PriorityQueue.swift */ = {isa = PBXFileReference; lastKnownFileType = sourcecode.swift; path = PriorityQueue.swift; sourceTree = "<group>"; };
		781C0361263A85830045290F /* BinaryBalanceSearchTree.swift */ = {isa = PBXFileReference; lastKnownFileType = sourcecode.swift; path = BinaryBalanceSearchTree.swift; sourceTree = "<group>"; };
		781C0365263A85CF0045290F /* TreeNode.swift */ = {isa = PBXFileReference; lastKnownFileType = sourcecode.swift; path = TreeNode.swift; sourceTree = "<group>"; };
		783089B326218F78002CDD2E /* CircleSingleLineList.swift */ = {isa = PBXFileReference; lastKnownFileType = sourcecode.swift; path = CircleSingleLineList.swift; sourceTree = "<group>"; };
		783089B626218F88002CDD2E /* CircleDoubleLinkList.swift */ = {isa = PBXFileReference; lastKnownFileType = sourcecode.swift; path = CircleDoubleLinkList.swift; sourceTree = "<group>"; };
		783089B9262191FA002CDD2E /* ListNode.swift */ = {isa = PBXFileReference; lastKnownFileType = sourcecode.swift; path = ListNode.swift; sourceTree = "<group>"; };
		783089C52622D22E002CDD2E /* Statical.swift */ = {isa = PBXFileReference; lastKnownFileType = sourcecode.swift; path = Statical.swift; sourceTree = "<group>"; };
		783089CC2622D832002CDD2E /* Statck.swift */ = {isa = PBXFileReference; lastKnownFileType = sourcecode.swift; path = Statck.swift; sourceTree = "<group>"; };
		783C3CA8264A71710029EBD7 /* Set.swift */ = {isa = PBXFileReference; lastKnownFileType = sourcecode.swift; path = Set.swift; sourceTree = "<group>"; };
		783C3CAC264A740D0029EBD7 /* ListSet.swift */ = {isa = PBXFileReference; lastKnownFileType = sourcecode.swift; path = ListSet.swift; sourceTree = "<group>"; };
		783C3CAF264A74380029EBD7 /* TreeSet.swift */ = {isa = PBXFileReference; lastKnownFileType = sourcecode.swift; path = TreeSet.swift; sourceTree = "<group>"; };
		783EF6902689EB1D00192F9F /* CountingSorted.swift */ = {isa = PBXFileReference; lastKnownFileType = sourcecode.swift; path = CountingSorted.swift; sourceTree = "<group>"; };
		784027E82626D51E00C8A88A /* LinkeExercises.swift */ = {isa = PBXFileReference; lastKnownFileType = sourcecode.swift; path = LinkeExercises.swift; sourceTree = "<group>"; };
		7840817C264FA5E900774D2D /* HashMap.swift */ = {isa = PBXFileReference; lastKnownFileType = sourcecode.swift; path = HashMap.swift; sourceTree = "<group>"; };
		7840817E264FABD800774D2D /* HashNode.swift */ = {isa = PBXFileReference; lastKnownFileType = sourcecode.swift; path = HashNode.swift; sourceTree = "<group>"; };
		784FAA8B26366B7100BC5636 /* BinaryTreeTest.swift */ = {isa = PBXFileReference; fileEncoding = 4; lastKnownFileType = sourcecode.swift; path = BinaryTreeTest.swift; sourceTree = "<group>"; };
		7855AC56262D2EA700FF5A51 /* Node.swift */ = {isa = PBXFileReference; lastKnownFileType = sourcecode.swift; path = Node.swift; sourceTree = "<group>"; };
		7855AC5A262D313700FF5A51 /* BinaryTreeInfo.swift */ = {isa = PBXFileReference; lastKnownFileType = sourcecode.swift; path = BinaryTreeInfo.swift; sourceTree = "<group>"; };
		7855AC5E262D33E800FF5A51 /* BinarySearchTree.swift */ = {isa = PBXFileReference; lastKnownFileType = sourcecode.swift; path = BinarySearchTree.swift; sourceTree = "<group>"; };
		7855AC63262D7A2F00FF5A51 /* Extension.swift */ = {isa = PBXFileReference; lastKnownFileType = sourcecode.swift; path = Extension.swift; sourceTree = "<group>"; };
		7855AC67262D7EBE00FF5A51 /* Printer.swift */ = {isa = PBXFileReference; lastKnownFileType = sourcecode.swift; path = Printer.swift; sourceTree = "<group>"; };
		7857C8EC264A88A000A3E5DB /* Map.swift */ = {isa = PBXFileReference; lastKnownFileType = sourcecode.swift; path = Map.swift; sourceTree = "<group>"; };
		786C838C266DFE02005CF61D /* HeapSorted.swift */ = {isa = PBXFileReference; lastKnownFileType = sourcecode.swift; path = HeapSorted.swift; sourceTree = "<group>"; };
		7877371826A83E1A00960668 /* HashSet.swift */ = {isa = PBXFileReference; lastKnownFileType = sourcecode.swift; path = HashSet.swift; sourceTree = "<group>"; };
		7877371A26A8420E00960668 /* GenericUnionFind.swift */ = {isa = PBXFileReference; lastKnownFileType = sourcecode.swift; path = GenericUnionFind.swift; sourceTree = "<group>"; };
		7877371C26A919CD00960668 /* UnionFindNode.swift */ = {isa = PBXFileReference; lastKnownFileType = sourcecode.swift; path = UnionFindNode.swift; sourceTree = "<group>"; };
		7877371F26A94AD700960668 /* Graph.swift */ = {isa = PBXFileReference; lastKnownFileType = sourcecode.swift; path = Graph.swift; sourceTree = "<group>"; };
		7877372126A94B1500960668 /* WeightManager.swift */ = {isa = PBXFileReference; lastKnownFileType = sourcecode.swift; path = WeightManager.swift; sourceTree = "<group>"; };
		7877372326A94C0000960668 /* PathInfo.swift */ = {isa = PBXFileReference; lastKnownFileType = sourcecode.swift; path = PathInfo.swift; sourceTree = "<group>"; };
		7877372526A94CD200960668 /* EdgeInfo.swift */ = {isa = PBXFileReference; lastKnownFileType = sourcecode.swift; path = EdgeInfo.swift; sourceTree = "<group>"; };
		7877372726A9532900960668 /* ListGraph.swift */ = {isa = PBXFileReference; lastKnownFileType = sourcecode.swift; path = ListGraph.swift; sourceTree = "<group>"; };
		7877372926A9551D00960668 /* Vertex.swift */ = {isa = PBXFileReference; lastKnownFileType = sourcecode.swift; path = Vertex.swift; sourceTree = "<group>"; };
		7877372B26A9556D00960668 /* Edge.swift */ = {isa = PBXFileReference; lastKnownFileType = sourcecode.swift; path = Edge.swift; sourceTree = "<group>"; };
		787D2FB6261DF8BF0033364A /* StructAndArithmetic */ = {isa = PBXFileReference; explicitFileType = "compiled.mach-o.executable"; includeInIndex = 0; path = StructAndArithmetic; sourceTree = BUILT_PRODUCTS_DIR; };
		787D2FB9261DF8BF0033364A /* main.swift */ = {isa = PBXFileReference; lastKnownFileType = sourcecode.swift; path = main.swift; sourceTree = "<group>"; };
		787D2FC2261DF91C0033364A /* SingleLinkList.swift */ = {isa = PBXFileReference; lastKnownFileType = sourcecode.swift; path = SingleLinkList.swift; sourceTree = "<group>"; };
		78904841261EDB840092F866 /* DoubleLinkList.swift */ = {isa = PBXFileReference; lastKnownFileType = sourcecode.swift; path = DoubleLinkList.swift; sourceTree = "<group>"; };
		78A0A3E1264B864D00063029 /* TreeMap.swift */ = {isa = PBXFileReference; lastKnownFileType = sourcecode.swift; path = TreeMap.swift; sourceTree = "<group>"; };
		78A0A3E3264B89CE00063029 /* MapNode.swift */ = {isa = PBXFileReference; lastKnownFileType = sourcecode.swift; path = MapNode.swift; sourceTree = "<group>"; };
		78A218222686D62D00FEF33D /* SelectedSorted.swift */ = {isa = PBXFileReference; lastKnownFileType = sourcecode.swift; path = SelectedSorted.swift; sourceTree = "<group>"; };
		78A218242686D7BD00FEF33D /* InsertionSorted.swift */ = {isa = PBXFileReference; lastKnownFileType = sourcecode.swift; path = InsertionSorted.swift; sourceTree = "<group>"; };
		78A218262686EA6000FEF33D /* MergeSort.swift */ = {isa = PBXFileReference; lastKnownFileType = sourcecode.swift; path = MergeSort.swift; sourceTree = "<group>"; };
		78A218282686FFA400FEF33D /* QuickSorted.swift */ = {isa = PBXFileReference; lastKnownFileType = sourcecode.swift; path = QuickSorted.swift; sourceTree = "<group>"; };
		78A2182A26871C1800FEF33D /* ShellSort.swift */ = {isa = PBXFileReference; lastKnownFileType = sourcecode.swift; path = ShellSort.swift; sourceTree = "<group>"; };
		78A62E81262E8088000D229B /* BinaryTreesPrint.swift */ = {isa = PBXFileReference; lastKnownFileType = sourcecode.swift; path = BinaryTreesPrint.swift; sourceTree = "<group>"; };
		78A7A624262D8E2C00C0695A /* InorderPrinter.swift */ = {isa = PBXFileReference; lastKnownFileType = sourcecode.swift; path = InorderPrinter.swift; sourceTree = "<group>"; };
		78BE8897261E87EB006D645A /* List.swift */ = {isa = PBXFileReference; lastKnownFileType = sourcecode.swift; path = List.swift; sourceTree = "<group>"; };
		78BE889B261E8821006D645A /* AbstractList.swift */ = {isa = PBXFileReference; lastKnownFileType = sourcecode.swift; path = AbstractList.swift; sourceTree = "<group>"; };
		78CECBBD2627E13A00BEB594 /* SingleQueue.swift */ = {isa = PBXFileReference; lastKnownFileType = sourcecode.swift; path = SingleQueue.swift; sourceTree = "<group>"; };
		78CECBC12627F0D600BEB594 /* SingleDeque.swift */ = {isa = PBXFileReference; lastKnownFileType = sourcecode.swift; path = SingleDeque.swift; sourceTree = "<group>"; };
		78CECBCB26281D4600BEB594 /* CircleQueue.swift */ = {isa = PBXFileReference; lastKnownFileType = sourcecode.swift; path = CircleQueue.swift; sourceTree = "<group>"; };
		78CECBCE26281D5500BEB594 /* CircleDeque.swift */ = {isa = PBXFileReference; lastKnownFileType = sourcecode.swift; path = CircleDeque.swift; sourceTree = "<group>"; };
		78D53AA926A572B0001715E1 /* UnionFind.swift */ = {isa = PBXFileReference; lastKnownFileType = sourcecode.swift; path = UnionFind.swift; sourceTree = "<group>"; };
		78D53AAB26A57CFD001715E1 /* UnionFind_QF.swift */ = {isa = PBXFileReference; lastKnownFileType = sourcecode.swift; path = UnionFind_QF.swift; sourceTree = "<group>"; };
		78D53AAD26A58009001715E1 /* UnionFind_QU.swift */ = {isa = PBXFileReference; lastKnownFileType = sourcecode.swift; path = UnionFind_QU.swift; sourceTree = "<group>"; };
		78D53AAF26A66BA1001715E1 /* UnionFind_QU_Size.swift */ = {isa = PBXFileReference; lastKnownFileType = sourcecode.swift; path = UnionFind_QU_Size.swift; sourceTree = "<group>"; };
		78D53AB126A66D13001715E1 /* UnionFind_QU_Rank.swift */ = {isa = PBXFileReference; lastKnownFileType = sourcecode.swift; path = UnionFind_QU_Rank.swift; sourceTree = "<group>"; };
		78D53AB326A66EE8001715E1 /* UnionFind_QU_Rank_PC.swift */ = {isa = PBXFileReference; lastKnownFileType = sourcecode.swift; path = UnionFind_QU_Rank_PC.swift; sourceTree = "<group>"; };
		78D53AB526A672CF001715E1 /* UnionFind_QU_Rank_PS.swift */ = {isa = PBXFileReference; lastKnownFileType = sourcecode.swift; path = UnionFind_QU_Rank_PS.swift; sourceTree = "<group>"; };
		78D53AB726A67681001715E1 /* UnionFind_QU_Rank_PH.swift */ = {isa = PBXFileReference; lastKnownFileType = sourcecode.swift; path = UnionFind_QU_Rank_PH.swift; sourceTree = "<group>"; };
		78DDC4032667A37500803FC6 /* Sorted.swift */ = {isa = PBXFileReference; lastKnownFileType = sourcecode.swift; path = Sorted.swift; sourceTree = "<group>"; };
		78EA02E4269E81D1002B7037 /* RadixSorted.swift */ = {isa = PBXFileReference; lastKnownFileType = sourcecode.swift; path = RadixSorted.swift; sourceTree = "<group>"; };
		78FB6D67266DC76B008134F9 /* BubbleSorted.swift */ = {isa = PBXFileReference; lastKnownFileType = sourcecode.swift; path = BubbleSorted.swift; sourceTree = "<group>"; };
/* End PBXFileReference section */

/* Begin PBXFrameworksBuildPhase section */
		787D2FB3261DF8BF0033364A /* Frameworks */ = {
			isa = PBXFrameworksBuildPhase;
			buildActionMask = 2147483647;
			files = (
			);
			runOnlyForDeploymentPostprocessing = 0;
		};
/* End PBXFrameworksBuildPhase section */

/* Begin PBXGroup section */
		780AB0812645380400C7D6CF /* 06-红黑树 */ = {
			isa = PBXGroup;
			children = (
				780AB0822645382B00C7D6CF /* RedBlackTree.swift */,
			);
			path = "06-红黑树";
			sourceTree = "<group>";
		};
		780C30F02662195900E36067 /* 10-堆 */ = {
			isa = PBXGroup;
			children = (
				780C30F3266219D800E36067 /* AbstractHeap.swift */,
				780C30F12662199E00E36067 /* BinaryHeap.swift */,
			);
			path = "10-堆";
			sourceTree = "<group>";
		};
		780C30F52663789200E36067 /* 11-优先级队列 */ = {
			isa = PBXGroup;
			children = (
				780C30F6266378B400E36067 /* PriorityQueue.swift */,
			);
			path = "11-优先级队列";
			sourceTree = "<group>";
		};
		781C035C263A601E0045290F /* 05-AVL树 */ = {
			isa = PBXGroup;
			children = (
				780AB0852645385E00C7D6CF /* BinaryBalanceTree.swift */,
				781C0361263A85830045290F /* BinaryBalanceSearchTree.swift */,
			);
			path = "05-AVL树";
			sourceTree = "<group>";
		};
		783089C42622D1BA002CDD2E /* 00-Public */ = {
			isa = PBXGroup;
			children = (
				783089C52622D22E002CDD2E /* Statical.swift */,
				7855AC63262D7A2F00FF5A51 /* Extension.swift */,
			);
			path = "00-Public";
			sourceTree = "<group>";
		};
		783089CB2622D805002CDD2E /* 02-栈 */ = {
			isa = PBXGroup;
			children = (
				783089CC2622D832002CDD2E /* Statck.swift */,
			);
			path = "02-栈";
			sourceTree = "<group>";
		};
		783C3CA7264A70EB0029EBD7 /* 07-集合 */ = {
			isa = PBXGroup;
			children = (
				783C3CA8264A71710029EBD7 /* Set.swift */,
				783C3CAC264A740D0029EBD7 /* ListSet.swift */,
				783C3CAF264A74380029EBD7 /* TreeSet.swift */,
			);
			path = "07-集合";
			sourceTree = "<group>";
		};
		7855AC50262D26D400FF5A51 /* 04-二叉树 */ = {
			isa = PBXGroup;
			children = (
				7855AC5D262D33D600FF5A51 /* 二叉搜索树 */,
				7855AC51262D2E5B00FF5A51 /* Common */,
			);
			path = "04-二叉树";
			sourceTree = "<group>";
		};
		7855AC51262D2E5B00FF5A51 /* Common */ = {
			isa = PBXGroup;
			children = (
				7855AC56262D2EA700FF5A51 /* Node.swift */,
				781C0365263A85CF0045290F /* TreeNode.swift */,
				7855AC5A262D313700FF5A51 /* BinaryTreeInfo.swift */,
				7855AC66262D7E8500FF5A51 /* Printer */,
			);
			path = Common;
			sourceTree = "<group>";
		};
		7855AC5D262D33D600FF5A51 /* 二叉搜索树 */ = {
			isa = PBXGroup;
			children = (
				7855AC5E262D33E800FF5A51 /* BinarySearchTree.swift */,
				784FAA8B26366B7100BC5636 /* BinaryTreeTest.swift */,
				780AB0892645430000C7D6CF /* BinaryTree.swift */,
			);
			path = "二叉搜索树";
			sourceTree = "<group>";
		};
		7855AC66262D7E8500FF5A51 /* Printer */ = {
			isa = PBXGroup;
			children = (
				7855AC67262D7EBE00FF5A51 /* Printer.swift */,
				78A7A624262D8E2C00C0695A /* InorderPrinter.swift */,
				78A62E81262E8088000D229B /* BinaryTreesPrint.swift */,
			);
			path = Printer;
			sourceTree = "<group>";
		};
		7857C8EB264A870A00A3E5DB /* 08-映射 */ = {
			isa = PBXGroup;
			children = (
				7857C8EC264A88A000A3E5DB /* Map.swift */,
				78A0A3E1264B864D00063029 /* TreeMap.swift */,
				78A0A3E3264B89CE00063029 /* MapNode.swift */,
			);
			path = "08-映射";
			sourceTree = "<group>";
		};
		7877371E26A9242E00960668 /* 14-图 */ = {
			isa = PBXGroup;
			children = (
				7877371F26A94AD700960668 /* Graph.swift */,
				7877372726A9532900960668 /* ListGraph.swift */,
				7877372126A94B1500960668 /* WeightManager.swift */,
				7877372326A94C0000960668 /* PathInfo.swift */,
				7877372526A94CD200960668 /* EdgeInfo.swift */,
				7877372926A9551D00960668 /* Vertex.swift */,
				7877372B26A9556D00960668 /* Edge.swift */,
			);
			path = "14-图";
			sourceTree = "<group>";
		};
		787D2FAD261DF8BF0033364A = {
			isa = PBXGroup;
			children = (
				787D2FB8261DF8BF0033364A /* StructAndArithmetic */,
				787D2FB7261DF8BF0033364A /* Products */,
			);
			sourceTree = "<group>";
		};
		787D2FB7261DF8BF0033364A /* Products */ = {
			isa = PBXGroup;
			children = (
				787D2FB6261DF8BF0033364A /* StructAndArithmetic */,
			);
			name = Products;
			sourceTree = "<group>";
		};
		787D2FB8261DF8BF0033364A /* StructAndArithmetic */ = {
			isa = PBXGroup;
			children = (
				787D2FB9261DF8BF0033364A /* main.swift */,
				7877371E26A9242E00960668 /* 14-图 */,
				78D53AA826A57290001715E1 /* 13-并查集 */,
				78DDC3DE26665A4F00803FC6 /* 12-排序 */,
				780C30F52663789200E36067 /* 11-优先级队列 */,
				780C30F02662195900E36067 /* 10-堆 */,
				78EF76E7264D453E0086D887 /* 09-哈希表 */,
				7857C8EB264A870A00A3E5DB /* 08-映射 */,
				783C3CA7264A70EB0029EBD7 /* 07-集合 */,
				780AB0812645380400C7D6CF /* 06-红黑树 */,
				781C035C263A601E0045290F /* 05-AVL树 */,
				7855AC50262D26D400FF5A51 /* 04-二叉树 */,
				78CECBB82627D9E500BEB594 /* 03-队列 */,
				783089CB2622D805002CDD2E /* 02-栈 */,
				787D2FC1261DF8DB0033364A /* 01-Likes */,
				783089C42622D1BA002CDD2E /* 00-Public */,
			);
			path = StructAndArithmetic;
			sourceTree = "<group>";
		};
		787D2FC1261DF8DB0033364A /* 01-Likes */ = {
			isa = PBXGroup;
			children = (
				787D2FC8261DF99E0033364A /* Common */,
				787D2FC7261DF9910033364A /* Circle */,
				787D2FC6261DF9870033364A /* Single */,
				784027E82626D51E00C8A88A /* LinkeExercises.swift */,
			);
			path = "01-Likes";
			sourceTree = "<group>";
		};
		787D2FC6261DF9870033364A /* Single */ = {
			isa = PBXGroup;
			children = (
				787D2FC2261DF91C0033364A /* SingleLinkList.swift */,
				78904841261EDB840092F866 /* DoubleLinkList.swift */,
			);
			path = Single;
			sourceTree = "<group>";
		};
		787D2FC7261DF9910033364A /* Circle */ = {
			isa = PBXGroup;
			children = (
				783089B326218F78002CDD2E /* CircleSingleLineList.swift */,
				783089B626218F88002CDD2E /* CircleDoubleLinkList.swift */,
			);
			path = Circle;
			sourceTree = "<group>";
		};
		787D2FC8261DF99E0033364A /* Common */ = {
			isa = PBXGroup;
			children = (
				78BE8897261E87EB006D645A /* List.swift */,
				783089B9262191FA002CDD2E /* ListNode.swift */,
				78BE889B261E8821006D645A /* AbstractList.swift */,
			);
			path = Common;
			sourceTree = "<group>";
		};
		78CECBB82627D9E500BEB594 /* 03-队列 */ = {
			isa = PBXGroup;
			children = (
				78CECBBD2627E13A00BEB594 /* SingleQueue.swift */,
				78CECBC12627F0D600BEB594 /* SingleDeque.swift */,
				78CECBCB26281D4600BEB594 /* CircleQueue.swift */,
				78CECBCE26281D5500BEB594 /* CircleDeque.swift */,
			);
			path = "03-队列";
			sourceTree = "<group>";
		};
		78D53AA826A57290001715E1 /* 13-并查集 */ = {
			isa = PBXGroup;
			children = (
				78D53AA926A572B0001715E1 /* UnionFind.swift */,
				78D53AAB26A57CFD001715E1 /* UnionFind_QF.swift */,
				78D53AAD26A58009001715E1 /* UnionFind_QU.swift */,
				78D53AAF26A66BA1001715E1 /* UnionFind_QU_Size.swift */,
				78D53AB126A66D13001715E1 /* UnionFind_QU_Rank.swift */,
				78D53AB326A66EE8001715E1 /* UnionFind_QU_Rank_PC.swift */,
				78D53AB526A672CF001715E1 /* UnionFind_QU_Rank_PS.swift */,
				78D53AB726A67681001715E1 /* UnionFind_QU_Rank_PH.swift */,
				7877371A26A8420E00960668 /* GenericUnionFind.swift */,
				7877371C26A919CD00960668 /* UnionFindNode.swift */,
			);
			path = "13-并查集";
			sourceTree = "<group>";
		};
		78DDC3DE26665A4F00803FC6 /* 12-排序 */ = {
			isa = PBXGroup;
			children = (
				78DDC4032667A37500803FC6 /* Sorted.swift */,
				78FB6D67266DC76B008134F9 /* BubbleSorted.swift */,
				78A218222686D62D00FEF33D /* SelectedSorted.swift */,
				786C838C266DFE02005CF61D /* HeapSorted.swift */,
				78A218242686D7BD00FEF33D /* InsertionSorted.swift */,
				78A218262686EA6000FEF33D /* MergeSort.swift */,
				78A218282686FFA400FEF33D /* QuickSorted.swift */,
				78A2182A26871C1800FEF33D /* ShellSort.swift */,
				783EF6902689EB1D00192F9F /* CountingSorted.swift */,
				78EA02E4269E81D1002B7037 /* RadixSorted.swift */,
			);
			path = "12-排序";
			sourceTree = "<group>";
		};
		78EF76E7264D453E0086D887 /* 09-哈希表 */ = {
			isa = PBXGroup;
			children = (
				7840817E264FABD800774D2D /* HashNode.swift */,
				7840817C264FA5E900774D2D /* HashMap.swift */,
				7877371826A83E1A00960668 /* HashSet.swift */,
			);
			path = "09-哈希表";
			sourceTree = "<group>";
		};
/* End PBXGroup section */

/* Begin PBXNativeTarget section */
		787D2FB5261DF8BF0033364A /* StructAndArithmetic */ = {
			isa = PBXNativeTarget;
			buildConfigurationList = 787D2FBD261DF8BF0033364A /* Build configuration list for PBXNativeTarget "StructAndArithmetic" */;
			buildPhases = (
				787D2FB2261DF8BF0033364A /* Sources */,
				787D2FB3261DF8BF0033364A /* Frameworks */,
				787D2FB4261DF8BF0033364A /* CopyFiles */,
			);
			buildRules = (
			);
			dependencies = (
			);
			name = StructAndArithmetic;
			productName = StructAndArithmetic;
			productReference = 787D2FB6261DF8BF0033364A /* StructAndArithmetic */;
			productType = "com.apple.product-type.tool";
		};
/* End PBXNativeTarget section */

/* Begin PBXProject section */
		787D2FAE261DF8BF0033364A /* Project object */ = {
			isa = PBXProject;
			attributes = {
				LastSwiftUpdateCheck = 1240;
				LastUpgradeCheck = 1240;
				TargetAttributes = {
					787D2FB5261DF8BF0033364A = {
						CreatedOnToolsVersion = 12.4;
					};
				};
			};
			buildConfigurationList = 787D2FB1261DF8BF0033364A /* Build configuration list for PBXProject "StructAndArithmetic" */;
			compatibilityVersion = "Xcode 9.3";
			developmentRegion = en;
			hasScannedForEncodings = 0;
			knownRegions = (
				en,
				Base,
			);
			mainGroup = 787D2FAD261DF8BF0033364A;
			productRefGroup = 787D2FB7261DF8BF0033364A /* Products */;
			projectDirPath = "";
			projectRoot = "";
			targets = (
				787D2FB5261DF8BF0033364A /* StructAndArithmetic */,
			);
		};
/* End PBXProject section */

/* Begin PBXSourcesBuildPhase section */
		787D2FB2261DF8BF0033364A /* Sources */ = {
			isa = PBXSourcesBuildPhase;
			buildActionMask = 2147483647;
			files = (
				7877371B26A8420E00960668 /* GenericUnionFind.swift in Sources */,
				78BE8898261E87EB006D645A /* List.swift in Sources */,
				784027E92626D51E00C8A88A /* LinkeExercises.swift in Sources */,
				78D53AAA26A572B0001715E1 /* UnionFind.swift in Sources */,
				78A62E82262E8088000D229B /* BinaryTreesPrint.swift in Sources */,
				781C0366263A85CF0045290F /* TreeNode.swift in Sources */,
				78A218292686FFA400FEF33D /* QuickSorted.swift in Sources */,
				783C3CB0264A74380029EBD7 /* TreeSet.swift in Sources */,
				7855AC5F262D33E800FF5A51 /* BinarySearchTree.swift in Sources */,
				78D53AAE26A58009001715E1 /* UnionFind_QU.swift in Sources */,
				780AB0862645385E00C7D6CF /* BinaryBalanceTree.swift in Sources */,
				7857C8ED264A88A000A3E5DB /* Map.swift in Sources */,
				7877372026A94AD700960668 /* Graph.swift in Sources */,
				784FAA8C26366B7100BC5636 /* BinaryTreeTest.swift in Sources */,
				78CECBCF26281D5500BEB594 /* CircleDeque.swift in Sources */,
				78A218232686D62D00FEF33D /* SelectedSorted.swift in Sources */,
				7855AC57262D2EA700FF5A51 /* Node.swift in Sources */,
				781C0362263A85830045290F /* BinaryBalanceSearchTree.swift in Sources */,
				78A7A625262D8E2C00C0695A /* InorderPrinter.swift in Sources */,
				78DDC4042667A37500803FC6 /* Sorted.swift in Sources */,
				783089B426218F78002CDD2E /* CircleSingleLineList.swift in Sources */,
				7855AC68262D7EBE00FF5A51 /* Printer.swift in Sources */,
				783089BA262191FA002CDD2E /* ListNode.swift in Sources */,
				78BE889C261E8821006D645A /* AbstractList.swift in Sources */,
				78D53AB026A66BA2001715E1 /* UnionFind_QU_Size.swift in Sources */,
				780AB0832645382B00C7D6CF /* RedBlackTree.swift in Sources */,
				78A218252686D7BD00FEF33D /* InsertionSorted.swift in Sources */,
				78D53AB626A672CF001715E1 /* UnionFind_QU_Rank_PS.swift in Sources */,
				78A2182B26871C1800FEF33D /* ShellSort.swift in Sources */,
				783EF6912689EB1D00192F9F /* CountingSorted.swift in Sources */,
				783089B726218F88002CDD2E /* CircleDoubleLinkList.swift in Sources */,
				7877371D26A919CD00960668 /* UnionFindNode.swift in Sources */,
				78FB6D68266DC76B008134F9 /* BubbleSorted.swift in Sources */,
				78CECBCC26281D4700BEB594 /* CircleQueue.swift in Sources */,
				78A218272686EA6000FEF33D /* MergeSort.swift in Sources */,
				7877371926A83E1A00960668 /* HashSet.swift in Sources */,
				780C30F4266219D800E36067 /* AbstractHeap.swift in Sources */,
				7877372226A94B1500960668 /* WeightManager.swift in Sources */,
				783089CD2622D832002CDD2E /* Statck.swift in Sources */,
				787D2FBA261DF8BF0033364A /* main.swift in Sources */,
				783C3CA9264A71710029EBD7 /* Set.swift in Sources */,
				78904842261EDB840092F866 /* DoubleLinkList.swift in Sources */,
				7877372626A94CD200960668 /* EdgeInfo.swift in Sources */,
				78CECBC22627F0D600BEB594 /* SingleDeque.swift in Sources */,
				78EA02E5269E81D1002B7037 /* RadixSorted.swift in Sources */,
				7840817D264FA5E900774D2D /* HashMap.swift in Sources */,
				780AB08A2645430000C7D6CF /* BinaryTree.swift in Sources */,
				7855AC64262D7A2F00FF5A51 /* Extension.swift in Sources */,
				783C3CAD264A740D0029EBD7 /* ListSet.swift in Sources */,
				780C30F22662199E00E36067 /* BinaryHeap.swift in Sources */,
				78CECBBE2627E13A00BEB594 /* SingleQueue.swift in Sources */,
				78D53AB826A67681001715E1 /* UnionFind_QU_Rank_PH.swift in Sources */,
				78D53AB226A66D13001715E1 /* UnionFind_QU_Rank.swift in Sources */,
				783089C62622D22E002CDD2E /* Statical.swift in Sources */,
				786C838D266DFE02005CF61D /* HeapSorted.swift in Sources */,
				78D53AB426A66EE8001715E1 /* UnionFind_QU_Rank_PC.swift in Sources */,
				7855AC5B262D313700FF5A51 /* BinaryTreeInfo.swift in Sources */,
				78D53AAC26A57CFD001715E1 /* UnionFind_QF.swift in Sources */,
				78A0A3E2264B864D00063029 /* TreeMap.swift in Sources */,
				7877372A26A9551D00960668 /* Vertex.swift in Sources */,
				7877372426A94C0000960668 /* PathInfo.swift in Sources */,
				787D2FC3261DF91C0033364A /* SingleLinkList.swift in Sources */,
				780C30F7266378B400E36067 /* PriorityQueue.swift in Sources */,
				7877372826A9532900960668 /* ListGraph.swift in Sources */,
				78A0A3E4264B89CE00063029 /* MapNode.swift in Sources */,
				7877372C26A9556D00960668 /* Edge.swift in Sources */,
				7840817F264FABD800774D2D /* HashNode.swift in Sources */,
			);
			runOnlyForDeploymentPostprocessing = 0;
		};
/* End PBXSourcesBuildPhase section */

/* Begin XCBuildConfiguration section */
		787D2FBB261DF8BF0033364A /* Debug */ = {
			isa = XCBuildConfiguration;
			buildSettings = {
				ALWAYS_SEARCH_USER_PATHS = NO;
				CLANG_ANALYZER_NONNULL = YES;
				CLANG_ANALYZER_NUMBER_OBJECT_CONVERSION = YES_AGGRESSIVE;
				CLANG_CXX_LANGUAGE_STANDARD = "gnu++14";
				CLANG_CXX_LIBRARY = "libc++";
				CLANG_ENABLE_MODULES = YES;
				CLANG_ENABLE_OBJC_ARC = YES;
				CLANG_ENABLE_OBJC_WEAK = YES;
				CLANG_WARN_BLOCK_CAPTURE_AUTORELEASING = YES;
				CLANG_WARN_BOOL_CONVERSION = YES;
				CLANG_WARN_COMMA = YES;
				CLANG_WARN_CONSTANT_CONVERSION = YES;
				CLANG_WARN_DEPRECATED_OBJC_IMPLEMENTATIONS = YES;
				CLANG_WARN_DIRECT_OBJC_ISA_USAGE = YES_ERROR;
				CLANG_WARN_DOCUMENTATION_COMMENTS = YES;
				CLANG_WARN_EMPTY_BODY = YES;
				CLANG_WARN_ENUM_CONVERSION = YES;
				CLANG_WARN_INFINITE_RECURSION = YES;
				CLANG_WARN_INT_CONVERSION = YES;
				CLANG_WARN_NON_LITERAL_NULL_CONVERSION = YES;
				CLANG_WARN_OBJC_IMPLICIT_RETAIN_SELF = YES;
				CLANG_WARN_OBJC_LITERAL_CONVERSION = YES;
				CLANG_WARN_OBJC_ROOT_CLASS = YES_ERROR;
				CLANG_WARN_QUOTED_INCLUDE_IN_FRAMEWORK_HEADER = YES;
				CLANG_WARN_RANGE_LOOP_ANALYSIS = YES;
				CLANG_WARN_STRICT_PROTOTYPES = YES;
				CLANG_WARN_SUSPICIOUS_MOVE = YES;
				CLANG_WARN_UNGUARDED_AVAILABILITY = YES_AGGRESSIVE;
				CLANG_WARN_UNREACHABLE_CODE = YES;
				CLANG_WARN__DUPLICATE_METHOD_MATCH = YES;
				COPY_PHASE_STRIP = NO;
				DEBUG_INFORMATION_FORMAT = dwarf;
				ENABLE_STRICT_OBJC_MSGSEND = YES;
				ENABLE_TESTABILITY = YES;
				GCC_C_LANGUAGE_STANDARD = gnu11;
				GCC_DYNAMIC_NO_PIC = NO;
				GCC_NO_COMMON_BLOCKS = YES;
				GCC_OPTIMIZATION_LEVEL = 0;
				GCC_PREPROCESSOR_DEFINITIONS = (
					"DEBUG=1",
					"$(inherited)",
				);
				GCC_WARN_64_TO_32_BIT_CONVERSION = YES;
				GCC_WARN_ABOUT_RETURN_TYPE = YES_ERROR;
				GCC_WARN_UNDECLARED_SELECTOR = YES;
				GCC_WARN_UNINITIALIZED_AUTOS = YES_AGGRESSIVE;
				GCC_WARN_UNUSED_FUNCTION = YES;
				GCC_WARN_UNUSED_VARIABLE = YES;
				MACOSX_DEPLOYMENT_TARGET = 11.1;
				MTL_ENABLE_DEBUG_INFO = INCLUDE_SOURCE;
				MTL_FAST_MATH = YES;
				ONLY_ACTIVE_ARCH = YES;
				SDKROOT = macosx;
				SWIFT_ACTIVE_COMPILATION_CONDITIONS = DEBUG;
				SWIFT_OPTIMIZATION_LEVEL = "-Onone";
			};
			name = Debug;
		};
		787D2FBC261DF8BF0033364A /* Release */ = {
			isa = XCBuildConfiguration;
			buildSettings = {
				ALWAYS_SEARCH_USER_PATHS = NO;
				CLANG_ANALYZER_NONNULL = YES;
				CLANG_ANALYZER_NUMBER_OBJECT_CONVERSION = YES_AGGRESSIVE;
				CLANG_CXX_LANGUAGE_STANDARD = "gnu++14";
				CLANG_CXX_LIBRARY = "libc++";
				CLANG_ENABLE_MODULES = YES;
				CLANG_ENABLE_OBJC_ARC = YES;
				CLANG_ENABLE_OBJC_WEAK = YES;
				CLANG_WARN_BLOCK_CAPTURE_AUTORELEASING = YES;
				CLANG_WARN_BOOL_CONVERSION = YES;
				CLANG_WARN_COMMA = YES;
				CLANG_WARN_CONSTANT_CONVERSION = YES;
				CLANG_WARN_DEPRECATED_OBJC_IMPLEMENTATIONS = YES;
				CLANG_WARN_DIRECT_OBJC_ISA_USAGE = YES_ERROR;
				CLANG_WARN_DOCUMENTATION_COMMENTS = YES;
				CLANG_WARN_EMPTY_BODY = YES;
				CLANG_WARN_ENUM_CONVERSION = YES;
				CLANG_WARN_INFINITE_RECURSION = YES;
				CLANG_WARN_INT_CONVERSION = YES;
				CLANG_WARN_NON_LITERAL_NULL_CONVERSION = YES;
				CLANG_WARN_OBJC_IMPLICIT_RETAIN_SELF = YES;
				CLANG_WARN_OBJC_LITERAL_CONVERSION = YES;
				CLANG_WARN_OBJC_ROOT_CLASS = YES_ERROR;
				CLANG_WARN_QUOTED_INCLUDE_IN_FRAMEWORK_HEADER = YES;
				CLANG_WARN_RANGE_LOOP_ANALYSIS = YES;
				CLANG_WARN_STRICT_PROTOTYPES = YES;
				CLANG_WARN_SUSPICIOUS_MOVE = YES;
				CLANG_WARN_UNGUARDED_AVAILABILITY = YES_AGGRESSIVE;
				CLANG_WARN_UNREACHABLE_CODE = YES;
				CLANG_WARN__DUPLICATE_METHOD_MATCH = YES;
				COPY_PHASE_STRIP = NO;
				DEBUG_INFORMATION_FORMAT = "dwarf-with-dsym";
				ENABLE_NS_ASSERTIONS = NO;
				ENABLE_STRICT_OBJC_MSGSEND = YES;
				GCC_C_LANGUAGE_STANDARD = gnu11;
				GCC_NO_COMMON_BLOCKS = YES;
				GCC_WARN_64_TO_32_BIT_CONVERSION = YES;
				GCC_WARN_ABOUT_RETURN_TYPE = YES_ERROR;
				GCC_WARN_UNDECLARED_SELECTOR = YES;
				GCC_WARN_UNINITIALIZED_AUTOS = YES_AGGRESSIVE;
				GCC_WARN_UNUSED_FUNCTION = YES;
				GCC_WARN_UNUSED_VARIABLE = YES;
				MACOSX_DEPLOYMENT_TARGET = 11.1;
				MTL_ENABLE_DEBUG_INFO = NO;
				MTL_FAST_MATH = YES;
				SDKROOT = macosx;
				SWIFT_COMPILATION_MODE = wholemodule;
				SWIFT_OPTIMIZATION_LEVEL = "-O";
			};
			name = Release;
		};
		787D2FBE261DF8BF0033364A /* Debug */ = {
			isa = XCBuildConfiguration;
			buildSettings = {
				CODE_SIGN_STYLE = Automatic;
				PRODUCT_NAME = "$(TARGET_NAME)";
				SWIFT_OBJC_BRIDGING_HEADER = "";
				SWIFT_VERSION = 5.0;
			};
			name = Debug;
		};
		787D2FBF261DF8BF0033364A /* Release */ = {
			isa = XCBuildConfiguration;
			buildSettings = {
				CODE_SIGN_STYLE = Automatic;
				PRODUCT_NAME = "$(TARGET_NAME)";
				SWIFT_OBJC_BRIDGING_HEADER = "";
				SWIFT_VERSION = 5.0;
			};
			name = Release;
		};
/* End XCBuildConfiguration section */

/* Begin XCConfigurationList section */
		787D2FB1261DF8BF0033364A /* Build configuration list for PBXProject "StructAndArithmetic" */ = {
			isa = XCConfigurationList;
			buildConfigurations = (
				787D2FBB261DF8BF0033364A /* Debug */,
				787D2FBC261DF8BF0033364A /* Release */,
			);
			defaultConfigurationIsVisible = 0;
			defaultConfigurationName = Release;
		};
		787D2FBD261DF8BF0033364A /* Build configuration list for PBXNativeTarget "StructAndArithmetic" */ = {
			isa = XCConfigurationList;
			buildConfigurations = (
				787D2FBE261DF8BF0033364A /* Debug */,
				787D2FBF261DF8BF0033364A /* Release */,
			);
			defaultConfigurationIsVisible = 0;
			defaultConfigurationName = Release;
		};
/* End XCConfigurationList section */
	};
	rootObject = 787D2FAE261DF8BF0033364A /* Project object */;
}
